// !$*UTF8*$!
{
	archiveVersion = 1;
	classes = {
	};
	objectVersion = 38;
	objects = {
		051B4E2F03823AF402CA299A = {
			isa = PBXFileReference;
			path = test1_main.cpp;
			refType = 4;
		};
		051B4E3003823AF402CA299A = {
			fileRef = 051B4E2F03823AF402CA299A;
			isa = PBXBuildFile;
			settings = {
			};
		};
//050
//051
//052
//053
//054
//060
//061
//062
//063
//064
		06AA1261FFB20DD611CA28AA = {
			buildActionMask = 2147483647;
			files = (
			);
			generatedFileNames = (
			);
			isa = PBXShellScriptBuildPhase;
			neededFileNames = (
			);
			runOnlyForDeploymentPostprocessing = 0;
			shellPath = /bin/sh;
			shellScript = "script=\"${SYSTEM_DEVELOPER_DIR}/ProjectBuilder Extras/Kernel Extension Support/KEXTPostprocess\";\nif [ -x \"$script\" ]; then\n    . \"$script\"\nfi";
		};
		06AA1262FFB20DD611CA28AA = {
			buildRules = (
			);
			buildSettings = {
				COPY_PHASE_STRIP = NO;
				OPTIMIZATION_CFLAGS = "-O0";
			};
			isa = PBXBuildStyle;
			name = Development;
		};
		06AA1263FFB20DD611CA28AA = {
			buildRules = (
			);
			buildSettings = {
				COPY_PHASE_STRIP = YES;
			};
			isa = PBXBuildStyle;
			name = Deployment;
		};
		06AA1268FFB211EB11CA28AA = {
			buildActionMask = 2147483647;
			files = (
			);
			generatedFileNames = (
			);
			isa = PBXShellScriptBuildPhase;
			neededFileNames = (
			);
			runOnlyForDeploymentPostprocessing = 0;
			shellPath = /bin/sh;
			shellScript = "script=\"${SYSTEM_DEVELOPER_DIR}/ProjectBuilder Extras/Kernel Extension Support/KEXTPreprocess\";\nif [ -x \"$script\" ]; then\n    . \"$script\"\nfi";
		};
//060
//061
//062
//063
//064
//080
//081
//082
//083
//084
		089C1669FE841209C02AAC07 = {
			buildStyles = (
				06AA1262FFB20DD611CA28AA,
				06AA1263FFB20DD611CA28AA,
			);
			isa = PBXProject;
			mainGroup = 089C166AFE841209C02AAC07;
			projectDirPath = "";
			targets = (
				089C1673FE841209C02AAC07,
			);
		};
		089C166AFE841209C02AAC07 = {
			children = (
				247142CAFF3F8F9811CA285C,
				19C28FB6FE9D52B211CA2CBB,
			);
			isa = PBXGroup;
			name = test1;
			refType = 4;
		};
		089C1673FE841209C02AAC07 = {
			buildPhases = (
				06AA1268FFB211EB11CA28AA,
				089C1674FE841209C02AAC07,
				089C1675FE841209C02AAC07,
				089C1676FE841209C02AAC07,
				089C1677FE841209C02AAC07,
				089C1679FE841209C02AAC07,
				06AA1261FFB20DD611CA28AA,
			);
			buildSettings = {
				FRAMEWORK_SEARCH_PATHS = "";
				HEADER_SEARCH_PATHS = "";
				INSTALL_PATH = "$(SYSTEM_LIBRARY_DIR)/Extensions";
				KERNEL_MODULE = YES;
				LIBRARY_SEARCH_PATHS = "";
				MODULE_NAME = com.MySoftwareCompany.kext.test1;
				MODULE_START = test1_start;
				MODULE_STOP = test1_stop;
				MODULE_VERSION = 1.0.0d1;
				OTHER_CFLAGS = "";
				OTHER_LDFLAGS = "";
				OTHER_REZFLAGS = "";
				PRODUCT_NAME = test1;
				SECTORDER_FLAGS = "";
				WARNING_CFLAGS = "-Wmost -Wno-four-char-constants -Wno-unknown-pragmas";
				WRAPPER_EXTENSION = kext;
			};
			dependencies = (
			);
			isa = PBXBundleTarget;
			name = test1;
			productInstallPath = "$(SYSTEM_LIBRARY_DIR)/Extensions";
			productName = test1;
			productReference = 0A5A7D55FFB780D811CA28AA;
			productSettingsXML = "<?xml version=\"1.0\" encoding=\"UTF-8\"?>
<!DOCTYPE plist PUBLIC \"-//Apple Computer//DTD PLIST 1.0//EN\" \"http://www.apple.com/DTDs/PropertyList-1.0.dtd\">
<plist version=\"1.0\">
<dict>
	<key>CFBundleDevelopmentRegion</key>
	<string>English</string>
	<key>CFBundleExecutable</key>
	<string>test1</string>
	<key>CFBundleIconFile</key>
	<string></string>
	<key>CFBundleIdentifier</key>
	<string>com.MySoftwareCompany.kext.test1</string>
	<key>CFBundleInfoDictionaryVersion</key>
	<string>6.0</string>
	<key>CFBundlePackageType</key>
	<string>KEXT</string>
	<key>CFBundleSignature</key>
	<string>????</string>
	<key>CFBundleVersion</key>
	<string>1.0.0d1</string>
	<key>OSBundleLibraries</key>
	<dict>
		<key>com.apple.kernel.libkern</key>
		<string>1.1</string>
	</dict>
</dict>
</plist>
";
			shouldUseHeadermap = 1;
		};
		089C1674FE841209C02AAC07 = {
			buildActionMask = 2147483647;
			files = (
			);
			isa = PBXHeadersBuildPhase;
			runOnlyForDeploymentPostprocessing = 0;
		};
		089C1675FE841209C02AAC07 = {
			buildActionMask = 2147483647;
			files = (
			);
			isa = PBXResourcesBuildPhase;
			runOnlyForDeploymentPostprocessing = 0;
		};
		089C1676FE841209C02AAC07 = {
			buildActionMask = 2147483647;
			files = (
				051B4E3003823AF402CA299A,
			);
			isa = PBXSourcesBuildPhase;
			runOnlyForDeploymentPostprocessing = 0;
		};
		089C1677FE841209C02AAC07 = {
			buildActionMask = 2147483647;
			files = (
			);
			isa = PBXFrameworksBuildPhase;
			runOnlyForDeploymentPostprocessing = 0;
		};
		089C1679FE841209C02AAC07 = {
			buildActionMask = 2147483647;
			files = (
			);
			isa = PBXRezBuildPhase;
			runOnlyForDeploymentPostprocessing = 0;
		};
//080
//081
//082
//083
//084
//0A0
//0A1
//0A2
//0A3
//0A4
		0A5A7D55FFB780D811CA28AA = {
			isa = PBXBundleReference;
			path = test1.kext;
			refType = 3;
		};
//0A0
//0A1
//0A2
//0A3
//0A4
//190
//191
//192
//193
//194
		19C28FB6FE9D52B211CA2CBB = {
			children = (
				0A5A7D55FFB780D811CA28AA,
			);
			isa = PBXGroup;
			name = Products;
			refType = 4;
		};
//190
//191
//192
//193
//194
//240
//241
//242
//243
//244
		247142CAFF3F8F9811CA285C = {
			children = (
				051B4E2F03823AF402CA299A,
			);
			isa = PBXGroup;
			name = Source;
			path = "";
			refType = 4;
		};
	};
	rootObject = 089C1669FE841209C02AAC07;
}
